
Microsoft Visual Studio Solution File, Format Version 12.00
# Visual Studio Version 17
VisualStudioVersion = 17.3.32901.215
MinimumVisualStudioVersion = 10.0.40219.1
Project("{2150E333-8FDC-42A3-9474-1A3956D46DE8}") = "Solution Items", "Solution Items", "{376B40FE-903B-4D1D-9A7A-851F9B1F117C}"
	ProjectSection(SolutionItems) = preProject
		.editorconfig = .editorconfig
	EndProjectSection
EndProject
Project("{9A19103F-16F7-4668-BE54-9A1E7A4F7556}") = "Wes.PhoneNumberGenerator", "Wes.PhoneNumberGenerator\Wes.PhoneNumberGenerator.csproj", "{DFC94ABC-F044-49A1-BF11-193CFEB31354}"
EndProject
Project("{9A19103F-16F7-4668-BE54-9A1E7A4F7556}") = "Wes.PhoneNumberGenerator.Test", "Wes.PhoneNumberGenerator.Test\Wes.PhoneNumberGenerator.Test.csproj", "{1870ABBD-E1F1-432F-9741-D9148C5D5C67}"
EndProject
Project("{9A19103F-16F7-4668-BE54-9A1E7A4F7556}") = "Wes.Utility.Extensions", "Wes.Utility.Extensions\Wes.Utility.Extensions.csproj", "{20096553-15ED-440C-ABB8-47D8DC33B1E2}"
EndProject
Project("{9A19103F-16F7-4668-BE54-9A1E7A4F7556}") = "Wes.NameGenerator", "Wes.NameGenerator\Wes.NameGenerator.csproj", "{2A590D9A-0B7F-4AF8-B65E-61342D3F1D3B}"
EndProject
Project("{9A19103F-16F7-4668-BE54-9A1E7A4F7556}") = "Wes.NameGenerator.Test", "Wes.NameGenerator.Test\Wes.NameGenerator.Test.csproj", "{96B3832C-590D-4C7A-98F8-2CCA91022BC9}"
EndProject
Global
	GlobalSection(SolutionConfigurationPlatforms) = preSolution
		Debug|Any CPU = Debug|Any CPU
		Release|Any CPU = Release|Any CPU
	EndGlobalSection
	GlobalSection(ProjectConfigurationPlatforms) = postSolution
		{DFC94ABC-F044-49A1-BF11-193CFEB31354}.Debug|Any CPU.ActiveCfg = Debug|Any CPU
		{DFC94ABC-F044-49A1-BF11-193CFEB31354}.Debug|Any CPU.Build.0 = Debug|Any CPU
		{DFC94ABC-F044-49A1-BF11-193CFEB31354}.Release|Any CPU.ActiveCfg = Release|Any CPU
		{DFC94ABC-F044-49A1-BF11-193CFEB31354}.Release|Any CPU.Build.0 = Release|Any CPU
		{1870ABBD-E1F1-432F-9741-D9148C5D5C67}.Debug|Any CPU.ActiveCfg = Debug|Any CPU
		{1870ABBD-E1F1-432F-9741-D9148C5D5C67}.Debug|Any CPU.Build.0 = Debug|Any CPU
		{1870ABBD-E1F1-432F-9741-D9148C5D5C67}.Release|Any CPU.ActiveCfg = Release|Any CPU
		{1870ABBD-E1F1-432F-9741-D9148C5D5C67}.Release|Any CPU.Build.0 = Release|Any CPU
		{20096553-15ED-440C-ABB8-47D8DC33B1E2}.Debug|Any CPU.ActiveCfg = Debug|Any CPU
		{20096553-15ED-440C-ABB8-47D8DC33B1E2}.Debug|Any CPU.Build.0 = Debug|Any CPU
		{20096553-15ED-440C-ABB8-47D8DC33B1E2}.Release|Any CPU.ActiveCfg = Release|Any CPU
		{20096553-15ED-440C-ABB8-47D8DC33B1E2}.Release|Any CPU.Build.0 = Release|Any CPU
		{2A590D9A-0B7F-4AF8-B65E-61342D3F1D3B}.Debug|Any CPU.ActiveCfg = Debug|Any CPU
		{2A590D9A-0B7F-4AF8-B65E-61342D3F1D3B}.Debug|Any CPU.Build.0 = Debug|Any CPU
		{2A590D9A-0B7F-4AF8-B65E-61342D3F1D3B}.Release|Any CPU.ActiveCfg = Release|Any CPU
		{2A590D9A-0B7F-4AF8-B65E-61342D3F1D3B}.Release|Any CPU.Build.0 = Release|Any CPU
		{96B3832C-590D-4C7A-98F8-2CCA91022BC9}.Debug|Any CPU.ActiveCfg = Debug|Any CPU
		{96B3832C-590D-4C7A-98F8-2CCA91022BC9}.Debug|Any CPU.Build.0 = Debug|Any CPU
		{96B3832C-590D-4C7A-98F8-2CCA91022BC9}.Release|Any CPU.ActiveCfg = Release|Any CPU
		{96B3832C-590D-4C7A-98F8-2CCA91022BC9}.Release|Any CPU.Build.0 = Release|Any CPU
	EndGlobalSection
	GlobalSection(SolutionProperties) = preSolution
		HideSolutionNode = FALSE
	EndGlobalSection
	GlobalSection(ExtensibilityGlobals) = postSolution
		SolutionGuid = {9619B3AF-AB15-4D7A-A5BB-70A257E21DCE}
	EndGlobalSection
EndGlobal
